{
  "name": "xero",
  "version": "1.0.0",
  "lockfileVersion": 1,
  "requires": true,
  "dependencies": {
    "oauth": {
      "version": "0.9.15",
      "resolved": "https://registry.npmjs.org/oauth/-/oauth-0.9.15.tgz",
      "integrity": "sha1-vR/vr2hslrdUda7VGWQS/2DPucE="
    },
    "xero-node": {
      "version": "3.0.3",
      "resolved": "https://registry.npmjs.org/xero-node/-/xero-node-3.0.3.tgz",
      "integrity": "sha512-6St0+bp5U5+mOgYe0fFoTXfB22Y1ehOx9k1KQAt6SUp3q9ID20G9OI5rr9/tRoJZVATzPs62okhFjB7goUWPag==",
      "requires": {
        "oauth": "0.9.15"
      }
    }
  }
}
